
Microsoft Visual Studio Solution File, Format Version 12.00
# Visual Studio Version 17
VisualStudioVersion = 17.11.35327.3
MinimumVisualStudioVersion = 10.0.40219.1
Project("{FAE04EC0-301F-11D3-BF4B-00C04F79EFBC}") = "MCVCRUD2", "MCVCRUD2.csproj", "{EEEA4EAF-7F1E-412D-8BF0-00A9D288CF5E}"
EndProject
Global
	GlobalSection(SolutionConfigurationPlatforms) = preSolution
		Debug|Any CPU = Debug|Any CPU
		Release|Any CPU = Release|Any CPU
	EndGlobalSection
	GlobalSection(ProjectConfigurationPlatforms) = postSolution
		{EEEA4EAF-7F1E-412D-8BF0-00A9D288CF5E}.Debug|Any CPU.ActiveCfg = Debug|Any CPU
		{EEEA4EAF-7F1E-412D-8BF0-00A9D288CF5E}.Debug|Any CPU.Build.0 = Debug|Any CPU
		{EEEA4EAF-7F1E-412D-8BF0-00A9D288CF5E}.Release|Any CPU.ActiveCfg = Release|Any CPU
		{EEEA4EAF-7F1E-412D-8BF0-00A9D288CF5E}.Release|Any CPU.Build.0 = Release|Any CPU
	EndGlobalSection
	GlobalSection(SolutionProperties) = preSolution
		HideSolutionNode = FALSE
	EndGlobalSection
	GlobalSection(ExtensibilityGlobals) = postSolution
		SolutionGuid = {5F9B39F3-0B13-4223-8832-F7FA735DD8B9}
	EndGlobalSection
EndGlobal
